// !$*UTF8*$!
{
	archiveVersion = 1;
	classes = {
	};
	objectVersion = 46;
	objects = {

/* Begin PBXBuildFile section */
		96106FC21513844B0014D466 /* base64.c in Sources */ = {isa = PBXBuildFile; fileRef = 96106FBB1513844B0014D466 /* base64.c */; };
		96106FC31513844B0014D466 /* NSData+SRB64Additions.m in Sources */ = {isa = PBXBuildFile; fileRef = 96106FBE1513844B0014D466 /* NSData+SRB64Additions.m */; };
		96106FC41513844B0014D466 /* SRWebSocket.m in Sources */ = {isa = PBXBuildFile; fileRef = 96106FC11513844B0014D466 /* SRWebSocket.m */; };
		96106FC6151385940014D466 /* libicucore.dylib in Frameworks */ = {isa = PBXBuildFile; fileRef = 96106FC5151385940014D466 /* libicucore.dylib */; };
		96106FC81513859C0014D466 /* Security.framework in Frameworks */ = {isa = PBXBuildFile; fileRef = 96106FC71513859C0014D466 /* Security.framework */; };
		9637243B1447724200C9E884 /* ASIAuthenticationDialog.m in Sources */ = {isa = PBXBuildFile; fileRef = 963724261447724200C9E884 /* ASIAuthenticationDialog.m */; };
		9637243C1447724200C9E884 /* ASIDataCompressor.m in Sources */ = {isa = PBXBuildFile; fileRef = 963724291447724200C9E884 /* ASIDataCompressor.m */; };
		9637243D1447724200C9E884 /* ASIDataDecompressor.m in Sources */ = {isa = PBXBuildFile; fileRef = 9637242B1447724200C9E884 /* ASIDataDecompressor.m */; };
		9637243E1447724200C9E884 /* ASIDownloadCache.m in Sources */ = {isa = PBXBuildFile; fileRef = 9637242D1447724200C9E884 /* ASIDownloadCache.m */; };
		9637243F1447724200C9E884 /* ASIFormDataRequest.m in Sources */ = {isa = PBXBuildFile; fileRef = 9637242F1447724200C9E884 /* ASIFormDataRequest.m */; };
		963724401447724200C9E884 /* ASIHTTPRequest.m in Sources */ = {isa = PBXBuildFile; fileRef = 963724311447724200C9E884 /* ASIHTTPRequest.m */; };
		963724411447724200C9E884 /* ASIInputStream.m in Sources */ = {isa = PBXBuildFile; fileRef = 963724351447724200C9E884 /* ASIInputStream.m */; };
		963724421447724200C9E884 /* ASINetworkQueue.m in Sources */ = {isa = PBXBuildFile; fileRef = 963724371447724200C9E884 /* ASINetworkQueue.m */; };
		963724431447724200C9E884 /* Reachability.m in Sources */ = {isa = PBXBuildFile; fileRef = 9637243A1447724200C9E884 /* Reachability.m */; };
		963724611447724C00C9E884 /* AsyncSocket.m in Sources */ = {isa = PBXBuildFile; fileRef = 963724481447724C00C9E884 /* AsyncSocket.m */; };
		963724621447724C00C9E884 /* AsyncUdpSocket.m in Sources */ = {isa = PBXBuildFile; fileRef = 9637244A1447724C00C9E884 /* AsyncUdpSocket.m */; };
		963724691447724C00C9E884 /* WebSocket.m in Sources */ = {isa = PBXBuildFile; fileRef = 963724541447724C00C9E884 /* WebSocket.m */; };
		963726201447727100C9E884 /* NSObject+SBJson.m in Sources */ = {isa = PBXBuildFile; fileRef = 963724741447727000C9E884 /* NSObject+SBJson.m */; };
		963726211447727100C9E884 /* SBJsonParser.m in Sources */ = {isa = PBXBuildFile; fileRef = 963724771447727000C9E884 /* SBJsonParser.m */; };
		963726221447727100C9E884 /* SBJsonStreamParser.m in Sources */ = {isa = PBXBuildFile; fileRef = 963724791447727000C9E884 /* SBJsonStreamParser.m */; };
		963726231447727100C9E884 /* SBJsonStreamParserAccumulator.m in Sources */ = {isa = PBXBuildFile; fileRef = 9637247B1447727000C9E884 /* SBJsonStreamParserAccumulator.m */; };
		963726241447727100C9E884 /* SBJsonStreamParserAdapter.m in Sources */ = {isa = PBXBuildFile; fileRef = 9637247D1447727000C9E884 /* SBJsonStreamParserAdapter.m */; };
		963726251447727100C9E884 /* SBJsonStreamParserState.m in Sources */ = {isa = PBXBuildFile; fileRef = 9637247F1447727000C9E884 /* SBJsonStreamParserState.m */; };
		963726261447727100C9E884 /* SBJsonStreamWriter.m in Sources */ = {isa = PBXBuildFile; fileRef = 963724811447727000C9E884 /* SBJsonStreamWriter.m */; };
		963726271447727100C9E884 /* SBJsonStreamWriterAccumulator.m in Sources */ = {isa = PBXBuildFile; fileRef = 963724831447727000C9E884 /* SBJsonStreamWriterAccumulator.m */; };
		963726281447727100C9E884 /* SBJsonStreamWriterState.m in Sources */ = {isa = PBXBuildFile; fileRef = 963724851447727000C9E884 /* SBJsonStreamWriterState.m */; };
		963726291447727100C9E884 /* SBJsonTokeniser.m in Sources */ = {isa = PBXBuildFile; fileRef = 963724871447727000C9E884 /* SBJsonTokeniser.m */; };
		9637262A1447727100C9E884 /* SBJsonUTF8Stream.m in Sources */ = {isa = PBXBuildFile; fileRef = 963724891447727000C9E884 /* SBJsonUTF8Stream.m */; };
		9637262B1447727100C9E884 /* SBJsonWriter.m in Sources */ = {isa = PBXBuildFile; fileRef = 9637248B1447727000C9E884 /* SBJsonWriter.m */; };
		9637275C144772B300C9E884 /* RegexKitLite.m in Sources */ = {isa = PBXBuildFile; fileRef = 9637275B144772B300C9E884 /* RegexKitLite.m */; };
		9680C12815175A9C003D451A /* SocketIO.m in Sources */ = {isa = PBXBuildFile; fileRef = 9680C12715175A9C003D451A /* SocketIO.m */; };
		96A854D51444B107004947E9 /* UIKit.framework in Frameworks */ = {isa = PBXBuildFile; fileRef = 96A854D41444B107004947E9 /* UIKit.framework */; };
		96A854D71444B107004947E9 /* Foundation.framework in Frameworks */ = {isa = PBXBuildFile; fileRef = 96A854D61444B107004947E9 /* Foundation.framework */; };
		96A854D91444B107004947E9 /* CoreGraphics.framework in Frameworks */ = {isa = PBXBuildFile; fileRef = 96A854D81444B107004947E9 /* CoreGraphics.framework */; };
		96A854DF1444B107004947E9 /* InfoPlist.strings in Resources */ = {isa = PBXBuildFile; fileRef = 96A854DD1444B107004947E9 /* InfoPlist.strings */; };
		96A854E11444B107004947E9 /* main.m in Sources */ = {isa = PBXBuildFile; fileRef = 96A854E01444B107004947E9 /* main.m */; };
		96A854E51444B107004947E9 /* socketfun_iosAppDelegate.m in Sources */ = {isa = PBXBuildFile; fileRef = 96A854E41444B107004947E9 /* socketfun_iosAppDelegate.m */; };
		96A854E81444B108004947E9 /* MainWindow.xib in Resources */ = {isa = PBXBuildFile; fileRef = 96A854E61444B108004947E9 /* MainWindow.xib */; };
		96A854EB1444B108004947E9 /* RootViewController.m in Sources */ = {isa = PBXBuildFile; fileRef = 96A854EA1444B108004947E9 /* RootViewController.m */; };
		96A854EE1444B108004947E9 /* RootViewController.xib in Resources */ = {isa = PBXBuildFile; fileRef = 96A854EC1444B108004947E9 /* RootViewController.xib */; };
		96A858921444C027004947E9 /* CFNetwork.framework in Frameworks */ = {isa = PBXBuildFile; fileRef = 96A858911444C027004947E9 /* CFNetwork.framework */; };
		96A858941444C035004947E9 /* SystemConfiguration.framework in Frameworks */ = {isa = PBXBuildFile; fileRef = 96A858931444C035004947E9 /* SystemConfiguration.framework */; };
		96A858961444C03F004947E9 /* MobileCoreServices.framework in Frameworks */ = {isa = PBXBuildFile; fileRef = 96A858951444C03F004947E9 /* MobileCoreServices.framework */; };
		96A858981444C065004947E9 /* libz.dylib in Frameworks */ = {isa = PBXBuildFile; fileRef = 96A858971444C065004947E9 /* libz.dylib */; };
/* End PBXBuildFile section */

/* Begin PBXFileReference section */
		96106FBB1513844B0014D466 /* base64.c */ = {isa = PBXFileReference; fileEncoding = 4; lastKnownFileType = sourcecode.c.c; path = base64.c; sourceTree = "<group>"; };
		96106FBC1513844B0014D466 /* base64.h */ = {isa = PBXFileReference; fileEncoding = 4; lastKnownFileType = sourcecode.c.h; path = base64.h; sourceTree = "<group>"; };
		96106FBD1513844B0014D466 /* NSData+SRB64Additions.h */ = {isa = PBXFileReference; fileEncoding = 4; lastKnownFileType = sourcecode.c.h; path = "NSData+SRB64Additions.h"; sourceTree = "<group>"; };
		96106FBE1513844B0014D466 /* NSData+SRB64Additions.m */ = {isa = PBXFileReference; fileEncoding = 4; lastKnownFileType = sourcecode.c.objc; path = "NSData+SRB64Additions.m"; sourceTree = "<group>"; };
		96106FBF1513844B0014D466 /* SocketRocket-Prefix.pch */ = {isa = PBXFileReference; fileEncoding = 4; lastKnownFileType = sourcecode.c.h; path = "SocketRocket-Prefix.pch"; sourceTree = "<group>"; };
		96106FC01513844B0014D466 /* SRWebSocket.h */ = {isa = PBXFileReference; fileEncoding = 4; lastKnownFileType = sourcecode.c.h; path = SRWebSocket.h; sourceTree = "<group>"; };
		96106FC11513844B0014D466 /* SRWebSocket.m */ = {isa = PBXFileReference; fileEncoding = 4; lastKnownFileType = sourcecode.c.objc; path = SRWebSocket.m; sourceTree = "<group>"; };
		96106FC5151385940014D466 /* libicucore.dylib */ = {isa = PBXFileReference; lastKnownFileType = "compiled.mach-o.dylib"; name = libicucore.dylib; path = usr/lib/libicucore.dylib; sourceTree = SDKROOT; };
		96106FC71513859C0014D466 /* Security.framework */ = {isa = PBXFileReference; lastKnownFileType = wrapper.framework; name = Security.framework; path = System/Library/Frameworks/Security.framework; sourceTree = SDKROOT; };
		963724251447724200C9E884 /* ASIAuthenticationDialog.h */ = {isa = PBXFileReference; fileEncoding = 4; lastKnownFileType = sourcecode.c.h; path = ASIAuthenticationDialog.h; sourceTree = "<group>"; };
		963724261447724200C9E884 /* ASIAuthenticationDialog.m */ = {isa = PBXFileReference; fileEncoding = 4; lastKnownFileType = sourcecode.c.objc; path = ASIAuthenticationDialog.m; sourceTree = "<group>"; };
		963724271447724200C9E884 /* ASICacheDelegate.h */ = {isa = PBXFileReference; fileEncoding = 4; lastKnownFileType = sourcecode.c.h; path = ASICacheDelegate.h; sourceTree = "<group>"; };
		963724281447724200C9E884 /* ASIDataCompressor.h */ = {isa = PBXFileReference; fileEncoding = 4; lastKnownFileType = sourcecode.c.h; path = ASIDataCompressor.h; sourceTree = "<group>"; };
		963724291447724200C9E884 /* ASIDataCompressor.m */ = {isa = PBXFileReference; fileEncoding = 4; lastKnownFileType = sourcecode.c.objc; path = ASIDataCompressor.m; sourceTree = "<group>"; };
		9637242A1447724200C9E884 /* ASIDataDecompressor.h */ = {isa = PBXFileReference; fileEncoding = 4; lastKnownFileType = sourcecode.c.h; path = ASIDataDecompressor.h; sourceTree = "<group>"; };
		9637242B1447724200C9E884 /* ASIDataDecompressor.m */ = {isa = PBXFileReference; fileEncoding = 4; lastKnownFileType = sourcecode.c.objc; path = ASIDataDecompressor.m; sourceTree = "<group>"; };
		9637242C1447724200C9E884 /* ASIDownloadCache.h */ = {isa = PBXFileReference; fileEncoding = 4; lastKnownFileType = sourcecode.c.h; path = ASIDownloadCache.h; sourceTree = "<group>"; };
		9637242D1447724200C9E884 /* ASIDownloadCache.m */ = {isa = PBXFileReference; fileEncoding = 4; lastKnownFileType = sourcecode.c.objc; path = ASIDownloadCache.m; sourceTree = "<group>"; };
		9637242E1447724200C9E884 /* ASIFormDataRequest.h */ = {isa = PBXFileReference; fileEncoding = 4; lastKnownFileType = sourcecode.c.h; path = ASIFormDataRequest.h; sourceTree = "<group>"; };
		9637242F1447724200C9E884 /* ASIFormDataRequest.m */ = {isa = PBXFileReference; fileEncoding = 4; lastKnownFileType = sourcecode.c.objc; path = ASIFormDataRequest.m; sourceTree = "<group>"; };
		963724301447724200C9E884 /* ASIHTTPRequest.h */ = {isa = PBXFileReference; fileEncoding = 4; lastKnownFileType = sourcecode.c.h; path = ASIHTTPRequest.h; sourceTree = "<group>"; };
		963724311447724200C9E884 /* ASIHTTPRequest.m */ = {isa = PBXFileReference; fileEncoding = 4; lastKnownFileType = sourcecode.c.objc; path = ASIHTTPRequest.m; sourceTree = "<group>"; };
		963724321447724200C9E884 /* ASIHTTPRequestConfig.h */ = {isa = PBXFileReference; fileEncoding = 4; lastKnownFileType = sourcecode.c.h; path = ASIHTTPRequestConfig.h; sourceTree = "<group>"; };
		963724331447724200C9E884 /* ASIHTTPRequestDelegate.h */ = {isa = PBXFileReference; fileEncoding = 4; lastKnownFileType = sourcecode.c.h; path = ASIHTTPRequestDelegate.h; sourceTree = "<group>"; };
		963724341447724200C9E884 /* ASIInputStream.h */ = {isa = PBXFileReference; fileEncoding = 4; lastKnownFileType = sourcecode.c.h; path = ASIInputStream.h; sourceTree = "<group>"; };
		963724351447724200C9E884 /* ASIInputStream.m */ = {isa = PBXFileReference; fileEncoding = 4; lastKnownFileType = sourcecode.c.objc; path = ASIInputStream.m; sourceTree = "<group>"; };
		963724361447724200C9E884 /* ASINetworkQueue.h */ = {isa = PBXFileReference; fileEncoding = 4; lastKnownFileType = sourcecode.c.h; path = ASINetworkQueue.h; sourceTree = "<group>"; };
		963724371447724200C9E884 /* ASINetworkQueue.m */ = {isa = PBXFileReference; fileEncoding = 4; lastKnownFileType = sourcecode.c.objc; path = ASINetworkQueue.m; sourceTree = "<group>"; };
		963724381447724200C9E884 /* ASIProgressDelegate.h */ = {isa = PBXFileReference; fileEncoding = 4; lastKnownFileType = sourcecode.c.h; path = ASIProgressDelegate.h; sourceTree = "<group>"; };
		963724391447724200C9E884 /* Reachability.h */ = {isa = PBXFileReference; fileEncoding = 4; lastKnownFileType = sourcecode.c.h; path = Reachability.h; sourceTree = "<group>"; };
		9637243A1447724200C9E884 /* Reachability.m */ = {isa = PBXFileReference; fileEncoding = 4; lastKnownFileType = sourcecode.c.objc; path = Reachability.m; sourceTree = "<group>"; };
		963724471447724C00C9E884 /* AsyncSocket.h */ = {isa = PBXFileReference; fileEncoding = 4; lastKnownFileType = sourcecode.c.h; path = AsyncSocket.h; sourceTree = "<group>"; };
		963724481447724C00C9E884 /* AsyncSocket.m */ = {isa = PBXFileReference; fileEncoding = 4; lastKnownFileType = sourcecode.c.objc; path = AsyncSocket.m; sourceTree = "<group>"; };
		963724491447724C00C9E884 /* AsyncUdpSocket.h */ = {isa = PBXFileReference; fileEncoding = 4; lastKnownFileType = sourcecode.c.h; path = AsyncUdpSocket.h; sourceTree = "<group>"; };
		9637244A1447724C00C9E884 /* AsyncUdpSocket.m */ = {isa = PBXFileReference; fileEncoding = 4; lastKnownFileType = sourcecode.c.objc; path = AsyncUdpSocket.m; sourceTree = "<group>"; };
		963724531447724C00C9E884 /* WebSocket.h */ = {isa = PBXFileReference; fileEncoding = 4; lastKnownFileType = sourcecode.c.h; path = WebSocket.h; sourceTree = "<group>"; };
		963724541447724C00C9E884 /* WebSocket.m */ = {isa = PBXFileReference; fileEncoding = 4; lastKnownFileType = sourcecode.c.objc; path = WebSocket.m; sourceTree = "<group>"; };
		963724731447727000C9E884 /* NSObject+SBJson.h */ = {isa = PBXFileReference; fileEncoding = 4; lastKnownFileType = sourcecode.c.h; path = "NSObject+SBJson.h"; sourceTree = "<group>"; };
		963724741447727000C9E884 /* NSObject+SBJson.m */ = {isa = PBXFileReference; fileEncoding = 4; lastKnownFileType = sourcecode.c.objc; path = "NSObject+SBJson.m"; sourceTree = "<group>"; };
		963724751447727000C9E884 /* SBJson.h */ = {isa = PBXFileReference; fileEncoding = 4; lastKnownFileType = sourcecode.c.h; path = SBJson.h; sourceTree = "<group>"; };
		963724761447727000C9E884 /* SBJsonParser.h */ = {isa = PBXFileReference; fileEncoding = 4; lastKnownFileType = sourcecode.c.h; path = SBJsonParser.h; sourceTree = "<group>"; };
		963724771447727000C9E884 /* SBJsonParser.m */ = {isa = PBXFileReference; fileEncoding = 4; lastKnownFileType = sourcecode.c.objc; path = SBJsonParser.m; sourceTree = "<group>"; };
		963724781447727000C9E884 /* SBJsonStreamParser.h */ = {isa = PBXFileReference; fileEncoding = 4; lastKnownFileType = sourcecode.c.h; path = SBJsonStreamParser.h; sourceTree = "<group>"; };
		963724791447727000C9E884 /* SBJsonStreamParser.m */ = {isa = PBXFileReference; fileEncoding = 4; lastKnownFileType = sourcecode.c.objc; path = SBJsonStreamParser.m; sourceTree = "<group>"; };
		9637247A1447727000C9E884 /* SBJsonStreamParserAccumulator.h */ = {isa = PBXFileReference; fileEncoding = 4; lastKnownFileType = sourcecode.c.h; path = SBJsonStreamParserAccumulator.h; sourceTree = "<group>"; };
		9637247B1447727000C9E884 /* SBJsonStreamParserAccumulator.m */ = {isa = PBXFileReference; fileEncoding = 4; lastKnownFileType = sourcecode.c.objc; path = SBJsonStreamParserAccumulator.m; sourceTree = "<group>"; };
		9637247C1447727000C9E884 /* SBJsonStreamParserAdapter.h */ = {isa = PBXFileReference; fileEncoding = 4; lastKnownFileType = sourcecode.c.h; path = SBJsonStreamParserAdapter.h; sourceTree = "<group>"; };
		9637247D1447727000C9E884 /* SBJsonStreamParserAdapter.m */ = {isa = PBXFileReference; fileEncoding = 4; lastKnownFileType = sourcecode.c.objc; path = SBJsonStreamParserAdapter.m; sourceTree = "<group>"; };
		9637247E1447727000C9E884 /* SBJsonStreamParserState.h */ = {isa = PBXFileReference; fileEncoding = 4; lastKnownFileType = sourcecode.c.h; path = SBJsonStreamParserState.h; sourceTree = "<group>"; };
		9637247F1447727000C9E884 /* SBJsonStreamParserState.m */ = {isa = PBXFileReference; fileEncoding = 4; lastKnownFileType = sourcecode.c.objc; path = SBJsonStreamParserState.m; sourceTree = "<group>"; };
		963724801447727000C9E884 /* SBJsonStreamWriter.h */ = {isa = PBXFileReference; fileEncoding = 4; lastKnownFileType = sourcecode.c.h; path = SBJsonStreamWriter.h; sourceTree = "<group>"; };
		963724811447727000C9E884 /* SBJsonStreamWriter.m */ = {isa = PBXFileReference; fileEncoding = 4; lastKnownFileType = sourcecode.c.objc; path = SBJsonStreamWriter.m; sourceTree = "<group>"; };
		963724821447727000C9E884 /* SBJsonStreamWriterAccumulator.h */ = {isa = PBXFileReference; fileEncoding = 4; lastKnownFileType = sourcecode.c.h; path = SBJsonStreamWriterAccumulator.h; sourceTree = "<group>"; };
		963724831447727000C9E884 /* SBJsonStreamWriterAccumulator.m */ = {isa = PBXFileReference; fileEncoding = 4; lastKnownFileType = sourcecode.c.objc; path = SBJsonStreamWriterAccumulator.m; sourceTree = "<group>"; };
		963724841447727000C9E884 /* SBJsonStreamWriterState.h */ = {isa = PBXFileReference; fileEncoding = 4; lastKnownFileType = sourcecode.c.h; path = SBJsonStreamWriterState.h; sourceTree = "<group>"; };
		963724851447727000C9E884 /* SBJsonStreamWriterState.m */ = {isa = PBXFileReference; fileEncoding = 4; lastKnownFileType = sourcecode.c.objc; path = SBJsonStreamWriterState.m; sourceTree = "<group>"; };
		963724861447727000C9E884 /* SBJsonTokeniser.h */ = {isa = PBXFileReference; fileEncoding = 4; lastKnownFileType = sourcecode.c.h; path = SBJsonTokeniser.h; sourceTree = "<group>"; };
		963724871447727000C9E884 /* SBJsonTokeniser.m */ = {isa = PBXFileReference; fileEncoding = 4; lastKnownFileType = sourcecode.c.objc; path = SBJsonTokeniser.m; sourceTree = "<group>"; };
		963724881447727000C9E884 /* SBJsonUTF8Stream.h */ = {isa = PBXFileReference; fileEncoding = 4; lastKnownFileType = sourcecode.c.h; path = SBJsonUTF8Stream.h; sourceTree = "<group>"; };
		963724891447727000C9E884 /* SBJsonUTF8Stream.m */ = {isa = PBXFileReference; fileEncoding = 4; lastKnownFileType = sourcecode.c.objc; path = SBJsonUTF8Stream.m; sourceTree = "<group>"; };
		9637248A1447727000C9E884 /* SBJsonWriter.h */ = {isa = PBXFileReference; fileEncoding = 4; lastKnownFileType = sourcecode.c.h; path = SBJsonWriter.h; sourceTree = "<group>"; };
		9637248B1447727000C9E884 /* SBJsonWriter.m */ = {isa = PBXFileReference; fileEncoding = 4; lastKnownFileType = sourcecode.c.objc; path = SBJsonWriter.m; sourceTree = "<group>"; };
		9637275A144772B300C9E884 /* RegexKitLite.h */ = {isa = PBXFileReference; fileEncoding = 4; lastKnownFileType = sourcecode.c.h; path = RegexKitLite.h; sourceTree = "<group>"; };
		9637275B144772B300C9E884 /* RegexKitLite.m */ = {isa = PBXFileReference; fileEncoding = 4; lastKnownFileType = sourcecode.c.objc; path = RegexKitLite.m; sourceTree = "<group>"; };
		9680C12615175A9C003D451A /* SocketIO.h */ = {isa = PBXFileReference; fileEncoding = 4; lastKnownFileType = sourcecode.c.h; path = SocketIO.h; sourceTree = "<group>"; };
		9680C12715175A9C003D451A /* SocketIO.m */ = {isa = PBXFileReference; fileEncoding = 4; lastKnownFileType = sourcecode.c.objc; path = SocketIO.m; sourceTree = "<group>"; };
		96A854D01444B107004947E9 /* socketfun-ios.app */ = {isa = PBXFileReference; explicitFileType = wrapper.application; includeInIndex = 0; path = "socketfun-ios.app"; sourceTree = BUILT_PRODUCTS_DIR; };
		96A854D41444B107004947E9 /* UIKit.framework */ = {isa = PBXFileReference; lastKnownFileType = wrapper.framework; name = UIKit.framework; path = System/Library/Frameworks/UIKit.framework; sourceTree = SDKROOT; };
		96A854D61444B107004947E9 /* Foundation.framework */ = {isa = PBXFileReference; lastKnownFileType = wrapper.framework; name = Foundation.framework; path = System/Library/Frameworks/Foundation.framework; sourceTree = SDKROOT; };
		96A854D81444B107004947E9 /* CoreGraphics.framework */ = {isa = PBXFileReference; lastKnownFileType = wrapper.framework; name = CoreGraphics.framework; path = System/Library/Frameworks/CoreGraphics.framework; sourceTree = SDKROOT; };
		96A854DC1444B107004947E9 /* socketfun-ios-Info.plist */ = {isa = PBXFileReference; lastKnownFileType = text.plist.xml; path = "socketfun-ios-Info.plist"; sourceTree = "<group>"; };
		96A854DE1444B107004947E9 /* en */ = {isa = PBXFileReference; lastKnownFileType = text.plist.strings; name = en; path = en.lproj/InfoPlist.strings; sourceTree = "<group>"; };
		96A854E01444B107004947E9 /* main.m */ = {isa = PBXFileReference; lastKnownFileType = sourcecode.c.objc; path = main.m; sourceTree = "<group>"; };
		96A854E21444B107004947E9 /* socketfun-ios-Prefix.pch */ = {isa = PBXFileReference; lastKnownFileType = sourcecode.c.h; path = "socketfun-ios-Prefix.pch"; sourceTree = "<group>"; };
		96A854E31444B107004947E9 /* socketfun_iosAppDelegate.h */ = {isa = PBXFileReference; lastKnownFileType = sourcecode.c.h; path = socketfun_iosAppDelegate.h; sourceTree = "<group>"; };
		96A854E41444B107004947E9 /* socketfun_iosAppDelegate.m */ = {isa = PBXFileReference; lastKnownFileType = sourcecode.c.objc; path = socketfun_iosAppDelegate.m; sourceTree = "<group>"; };
		96A854E71444B108004947E9 /* en */ = {isa = PBXFileReference; lastKnownFileType = file.xib; name = en; path = en.lproj/MainWindow.xib; sourceTree = "<group>"; };
		96A854E91444B108004947E9 /* RootViewController.h */ = {isa = PBXFileReference; lastKnownFileType = sourcecode.c.h; path = RootViewController.h; sourceTree = "<group>"; };
		96A854EA1444B108004947E9 /* RootViewController.m */ = {isa = PBXFileReference; lastKnownFileType = sourcecode.c.objc; path = RootViewController.m; sourceTree = "<group>"; };
		96A854ED1444B108004947E9 /* en */ = {isa = PBXFileReference; lastKnownFileType = file.xib; name = en; path = en.lproj/RootViewController.xib; sourceTree = "<group>"; };
		96A858911444C027004947E9 /* CFNetwork.framework */ = {isa = PBXFileReference; lastKnownFileType = wrapper.framework; name = CFNetwork.framework; path = System/Library/Frameworks/CFNetwork.framework; sourceTree = SDKROOT; };
		96A858931444C035004947E9 /* SystemConfiguration.framework */ = {isa = PBXFileReference; lastKnownFileType = wrapper.framework; name = SystemConfiguration.framework; path = System/Library/Frameworks/SystemConfiguration.framework; sourceTree = SDKROOT; };
		96A858951444C03F004947E9 /* MobileCoreServices.framework */ = {isa = PBXFileReference; lastKnownFileType = wrapper.framework; name = MobileCoreServices.framework; path = System/Library/Frameworks/MobileCoreServices.framework; sourceTree = SDKROOT; };
		96A858971444C065004947E9 /* libz.dylib */ = {isa = PBXFileReference; lastKnownFileType = "compiled.mach-o.dylib"; name = libz.dylib; path = usr/lib/libz.dylib; sourceTree = SDKROOT; };
/* End PBXFileReference section */

/* Begin PBXFrameworksBuildPhase section */
		96A854CD1444B107004947E9 /* Frameworks */ = {
			isa = PBXFrameworksBuildPhase;
			buildActionMask = 2147483647;
			files = (
				96106FC81513859C0014D466 /* Security.framework in Frameworks */,
				96106FC6151385940014D466 /* libicucore.dylib in Frameworks */,
				96A858981444C065004947E9 /* libz.dylib in Frameworks */,
				96A858961444C03F004947E9 /* MobileCoreServices.framework in Frameworks */,
				96A858941444C035004947E9 /* SystemConfiguration.framework in Frameworks */,
				96A858921444C027004947E9 /* CFNetwork.framework in Frameworks */,
				96A854D51444B107004947E9 /* UIKit.framework in Frameworks */,
				96A854D71444B107004947E9 /* Foundation.framework in Frameworks */,
				96A854D91444B107004947E9 /* CoreGraphics.framework in Frameworks */,
			);
			runOnlyForDeploymentPostprocessing = 0;
		};
/* End PBXFrameworksBuildPhase section */

/* Begin PBXGroup section */
		96106FBA1513844B0014D466 /* SocketRocket */ = {
			isa = PBXGroup;
			children = (
				96106FBB1513844B0014D466 /* base64.c */,
				96106FBC1513844B0014D466 /* base64.h */,
				96106FBD1513844B0014D466 /* NSData+SRB64Additions.h */,
				96106FBE1513844B0014D466 /* NSData+SRB64Additions.m */,
				96106FBF1513844B0014D466 /* SocketRocket-Prefix.pch */,
				96106FC01513844B0014D466 /* SRWebSocket.h */,
				96106FC11513844B0014D466 /* SRWebSocket.m */,
			);
			name = SocketRocket;
			path = dependencies/SocketRocket;
			sourceTree = SOURCE_ROOT;
		};
		963724241447724200C9E884 /* ASIHTTPRequest */ = {
			isa = PBXGroup;
			children = (
				963724251447724200C9E884 /* ASIAuthenticationDialog.h */,
				963724261447724200C9E884 /* ASIAuthenticationDialog.m */,
				963724271447724200C9E884 /* ASICacheDelegate.h */,
				963724281447724200C9E884 /* ASIDataCompressor.h */,
				963724291447724200C9E884 /* ASIDataCompressor.m */,
				9637242A1447724200C9E884 /* ASIDataDecompressor.h */,
				9637242B1447724200C9E884 /* ASIDataDecompressor.m */,
				9637242C1447724200C9E884 /* ASIDownloadCache.h */,
				9637242D1447724200C9E884 /* ASIDownloadCache.m */,
				9637242E1447724200C9E884 /* ASIFormDataRequest.h */,
				9637242F1447724200C9E884 /* ASIFormDataRequest.m */,
				963724301447724200C9E884 /* ASIHTTPRequest.h */,
				963724311447724200C9E884 /* ASIHTTPRequest.m */,
				963724321447724200C9E884 /* ASIHTTPRequestConfig.h */,
				963724331447724200C9E884 /* ASIHTTPRequestDelegate.h */,
				963724341447724200C9E884 /* ASIInputStream.h */,
				963724351447724200C9E884 /* ASIInputStream.m */,
				963724361447724200C9E884 /* ASINetworkQueue.h */,
				963724371447724200C9E884 /* ASINetworkQueue.m */,
				963724381447724200C9E884 /* ASIProgressDelegate.h */,
				963724391447724200C9E884 /* Reachability.h */,
				9637243A1447724200C9E884 /* Reachability.m */,
			);
			name = ASIHTTPRequest;
			path = dependencies/ASIHTTPRequest;
			sourceTree = SOURCE_ROOT;
		};
		963724441447724C00C9E884 /* cocoa-websocket */ = {
			isa = PBXGroup;
			children = (
				963724451447724C00C9E884 /* AsyncSocket */,
				963724531447724C00C9E884 /* WebSocket.h */,
				963724541447724C00C9E884 /* WebSocket.m */,
			);
			name = "cocoa-websocket";
			path = "dependencies/cocoa-websocket";
			sourceTree = SOURCE_ROOT;
		};
		963724451447724C00C9E884 /* AsyncSocket */ = {
			isa = PBXGroup;
			children = (
				963724471447724C00C9E884 /* AsyncSocket.h */,
				963724481447724C00C9E884 /* AsyncSocket.m */,
				963724491447724C00C9E884 /* AsyncUdpSocket.h */,
				9637244A1447724C00C9E884 /* AsyncUdpSocket.m */,
			);
			path = AsyncSocket;
			sourceTree = "<group>";
		};
		9637246F1447727000C9E884 /* json-framework */ = {
			isa = PBXGroup;
			children = (
				963724721447727000C9E884 /* Classes */,
			);
			name = "json-framework";
			path = "dependencies/json-framework";
			sourceTree = SOURCE_ROOT;
		};
		963724721447727000C9E884 /* Classes */ = {
			isa = PBXGroup;
			children = (
				963724731447727000C9E884 /* NSObject+SBJson.h */,
				963724741447727000C9E884 /* NSObject+SBJson.m */,
				963724751447727000C9E884 /* SBJson.h */,
				963724761447727000C9E884 /* SBJsonParser.h */,
				963724771447727000C9E884 /* SBJsonParser.m */,
				963724781447727000C9E884 /* SBJsonStreamParser.h */,
				963724791447727000C9E884 /* SBJsonStreamParser.m */,
				9637247A1447727000C9E884 /* SBJsonStreamParserAccumulator.h */,
				9637247B1447727000C9E884 /* SBJsonStreamParserAccumulator.m */,
				9637247C1447727000C9E884 /* SBJsonStreamParserAdapter.h */,
				9637247D1447727000C9E884 /* SBJsonStreamParserAdapter.m */,
				9637247E1447727000C9E884 /* SBJsonStreamParserState.h */,
				9637247F1447727000C9E884 /* SBJsonStreamParserState.m */,
				963724801447727000C9E884 /* SBJsonStreamWriter.h */,
				963724811447727000C9E884 /* SBJsonStreamWriter.m */,
				963724821447727000C9E884 /* SBJsonStreamWriterAccumulator.h */,
				963724831447727000C9E884 /* SBJsonStreamWriterAccumulator.m */,
				963724841447727000C9E884 /* SBJsonStreamWriterState.h */,
				963724851447727000C9E884 /* SBJsonStreamWriterState.m */,
				963724861447727000C9E884 /* SBJsonTokeniser.h */,
				963724871447727000C9E884 /* SBJsonTokeniser.m */,
				963724881447727000C9E884 /* SBJsonUTF8Stream.h */,
				963724891447727000C9E884 /* SBJsonUTF8Stream.m */,
				9637248A1447727000C9E884 /* SBJsonWriter.h */,
				9637248B1447727000C9E884 /* SBJsonWriter.m */,
			);
			path = Classes;
			sourceTree = "<group>";
		};
		96372759144772B300C9E884 /* RegexKitLite */ = {
			isa = PBXGroup;
			children = (
				9637275A144772B300C9E884 /* RegexKitLite.h */,
				9637275B144772B300C9E884 /* RegexKitLite.m */,
			);
			name = RegexKitLite;
			path = dependencies/RegexKitLite;
			sourceTree = SOURCE_ROOT;
		};
		9637275D144772B800C9E884 /* socket.IO-objc */ = {
			isa = PBXGroup;
			children = (
				9680C12615175A9C003D451A /* SocketIO.h */,
				9680C12715175A9C003D451A /* SocketIO.m */,
			);
			name = "socket.IO-objc";
			path = "dependencies/socket.IO-objc";
			sourceTree = SOURCE_ROOT;
		};
		96A854C51444B107004947E9 = {
			isa = PBXGroup;
			children = (
				96A855021444BCE5004947E9 /* dependencies */,
				96A854DA1444B107004947E9 /* socketfun-ios */,
				96A854D31444B107004947E9 /* Frameworks */,
				96A854D11444B107004947E9 /* Products */,
			);
			sourceTree = "<group>";
		};
		96A854D11444B107004947E9 /* Products */ = {
			isa = PBXGroup;
			children = (
				96A854D01444B107004947E9 /* socketfun-ios.app */,
			);
			name = Products;
			sourceTree = "<group>";
		};
		96A854D31444B107004947E9 /* Frameworks */ = {
			isa = PBXGroup;
			children = (
				96106FC71513859C0014D466 /* Security.framework */,
				96106FC5151385940014D466 /* libicucore.dylib */,
				96A858971444C065004947E9 /* libz.dylib */,
				96A858951444C03F004947E9 /* MobileCoreServices.framework */,
				96A858931444C035004947E9 /* SystemConfiguration.framework */,
				96A858911444C027004947E9 /* CFNetwork.framework */,
				96A854D41444B107004947E9 /* UIKit.framework */,
				96A854D61444B107004947E9 /* Foundation.framework */,
				96A854D81444B107004947E9 /* CoreGraphics.framework */,
			);
			name = Frameworks;
			sourceTree = "<group>";
		};
		96A854DA1444B107004947E9 /* socketfun-ios */ = {
			isa = PBXGroup;
			children = (
				96A854E31444B107004947E9 /* socketfun_iosAppDelegate.h */,
				96A854E41444B107004947E9 /* socketfun_iosAppDelegate.m */,
				96A854E61444B108004947E9 /* MainWindow.xib */,
				96A854E91444B108004947E9 /* RootViewController.h */,
				96A854EA1444B108004947E9 /* RootViewController.m */,
				96A854EC1444B108004947E9 /* RootViewController.xib */,
				96A854DB1444B107004947E9 /* Supporting Files */,
			);
			path = "socketfun-ios";
			sourceTree = "<group>";
		};
		96A854DB1444B107004947E9 /* Supporting Files */ = {
			isa = PBXGroup;
			children = (
				96A854DC1444B107004947E9 /* socketfun-ios-Info.plist */,
				96A854DD1444B107004947E9 /* InfoPlist.strings */,
				96A854E01444B107004947E9 /* main.m */,
				96A854E21444B107004947E9 /* socketfun-ios-Prefix.pch */,
			);
			name = "Supporting Files";
			sourceTree = "<group>";
		};
		96A855021444BCE5004947E9 /* dependencies */ = {
			isa = PBXGroup;
			children = (
				96106FBA1513844B0014D466 /* SocketRocket */,
				9637275D144772B800C9E884 /* socket.IO-objc */,
				96372759144772B300C9E884 /* RegexKitLite */,
				9637246F1447727000C9E884 /* json-framework */,
				963724441447724C00C9E884 /* cocoa-websocket */,
				963724241447724200C9E884 /* ASIHTTPRequest */,
			);
			name = dependencies;
			path = "socketfun-ios/dependencies";
			sourceTree = "<group>";
		};
/* End PBXGroup section */

/* Begin PBXNativeTarget section */
		96A854CF1444B107004947E9 /* socketfun-ios */ = {
			isa = PBXNativeTarget;
			buildConfigurationList = 96A854F11444B108004947E9 /* Build configuration list for PBXNativeTarget "socketfun-ios" */;
			buildPhases = (
				96A854CC1444B107004947E9 /* Sources */,
				96A854CD1444B107004947E9 /* Frameworks */,
				96A854CE1444B107004947E9 /* Resources */,
			);
			buildRules = (
			);
			dependencies = (
			);
			name = "socketfun-ios";
			productName = "socketfun-ios";
			productReference = 96A854D01444B107004947E9 /* socketfun-ios.app */;
			productType = "com.apple.product-type.application";
		};
/* End PBXNativeTarget section */

/* Begin PBXProject section */
		96A854C71444B107004947E9 /* Project object */ = {
			isa = PBXProject;
			attributes = {
				LastUpgradeCheck = 0420;
			};
			buildConfigurationList = 96A854CA1444B107004947E9 /* Build configuration list for PBXProject "socketfun-ios" */;
			compatibilityVersion = "Xcode 3.2";
			developmentRegion = English;
			hasScannedForEncodings = 0;
			knownRegions = (
				en,
				English,
			);
			mainGroup = 96A854C51444B107004947E9;
			productRefGroup = 96A854D11444B107004947E9 /* Products */;
			projectDirPath = "";
			projectRoot = "";
			targets = (
				96A854CF1444B107004947E9 /* socketfun-ios */,
			);
		};
/* End PBXProject section */

/* Begin PBXResourcesBuildPhase section */
		96A854CE1444B107004947E9 /* Resources */ = {
			isa = PBXResourcesBuildPhase;
			buildActionMask = 2147483647;
			files = (
				96A854DF1444B107004947E9 /* InfoPlist.strings in Resources */,
				96A854E81444B108004947E9 /* MainWindow.xib in Resources */,
				96A854EE1444B108004947E9 /* RootViewController.xib in Resources */,
			);
			runOnlyForDeploymentPostprocessing = 0;
		};
/* End PBXResourcesBuildPhase section */

/* Begin PBXSourcesBuildPhase section */
		96A854CC1444B107004947E9 /* Sources */ = {
			isa = PBXSourcesBuildPhase;
			buildActionMask = 2147483647;
			files = (
				96A854E11444B107004947E9 /* main.m in Sources */,
				96A854E51444B107004947E9 /* socketfun_iosAppDelegate.m in Sources */,
				96A854EB1444B108004947E9 /* RootViewController.m in Sources */,
				9637243B1447724200C9E884 /* ASIAuthenticationDialog.m in Sources */,
				9637243C1447724200C9E884 /* ASIDataCompressor.m in Sources */,
				9637243D1447724200C9E884 /* ASIDataDecompressor.m in Sources */,
				9637243E1447724200C9E884 /* ASIDownloadCache.m in Sources */,
				9637243F1447724200C9E884 /* ASIFormDataRequest.m in Sources */,
				963724401447724200C9E884 /* ASIHTTPRequest.m in Sources */,
				963724411447724200C9E884 /* ASIInputStream.m in Sources */,
				963724421447724200C9E884 /* ASINetworkQueue.m in Sources */,
				963724431447724200C9E884 /* Reachability.m in Sources */,
				963724611447724C00C9E884 /* AsyncSocket.m in Sources */,
				963724621447724C00C9E884 /* AsyncUdpSocket.m in Sources */,
				963724691447724C00C9E884 /* WebSocket.m in Sources */,
				963726201447727100C9E884 /* NSObject+SBJson.m in Sources */,
				963726211447727100C9E884 /* SBJsonParser.m in Sources */,
				963726221447727100C9E884 /* SBJsonStreamParser.m in Sources */,
				963726231447727100C9E884 /* SBJsonStreamParserAccumulator.m in Sources */,
				963726241447727100C9E884 /* SBJsonStreamParserAdapter.m in Sources */,
				963726251447727100C9E884 /* SBJsonStreamParserState.m in Sources */,
				963726261447727100C9E884 /* SBJsonStreamWriter.m in Sources */,
				963726271447727100C9E884 /* SBJsonStreamWriterAccumulator.m in Sources */,
				963726281447727100C9E884 /* SBJsonStreamWriterState.m in Sources */,
				963726291447727100C9E884 /* SBJsonTokeniser.m in Sources */,
				9637262A1447727100C9E884 /* SBJsonUTF8Stream.m in Sources */,
				9637262B1447727100C9E884 /* SBJsonWriter.m in Sources */,
				9637275C144772B300C9E884 /* RegexKitLite.m in Sources */,
				96106FC21513844B0014D466 /* base64.c in Sources */,
				96106FC31513844B0014D466 /* NSData+SRB64Additions.m in Sources */,
				96106FC41513844B0014D466 /* SRWebSocket.m in Sources */,
				9680C12815175A9C003D451A /* SocketIO.m in Sources */,
			);
			runOnlyForDeploymentPostprocessing = 0;
		};
/* End PBXSourcesBuildPhase section */

/* Begin PBXVariantGroup section */
		96A854DD1444B107004947E9 /* InfoPlist.strings */ = {
			isa = PBXVariantGroup;
			children = (
				96A854DE1444B107004947E9 /* en */,
			);
			name = InfoPlist.strings;
			sourceTree = "<group>";
		};
		96A854E61444B108004947E9 /* MainWindow.xib */ = {
			isa = PBXVariantGroup;
			children = (
				96A854E71444B108004947E9 /* en */,
			);
			name = MainWindow.xib;
			sourceTree = "<group>";
		};
		96A854EC1444B108004947E9 /* RootViewController.xib */ = {
			isa = PBXVariantGroup;
			children = (
				96A854ED1444B108004947E9 /* en */,
			);
			name = RootViewController.xib;
			sourceTree = "<group>";
		};
/* End PBXVariantGroup section */

/* Begin XCBuildConfiguration section */
		96A854EF1444B108004947E9 /* Debug */ = {
			isa = XCBuildConfiguration;
			buildSettings = {
				ALWAYS_SEARCH_USER_PATHS = NO;
				ARCHS = "$(ARCHS_STANDARD_32_BIT)";
				"CODE_SIGN_IDENTITY[sdk=iphoneos*]" = "iPhone Developer";
				COPY_PHASE_STRIP = NO;
				GCC_C_LANGUAGE_STANDARD = gnu99;
				GCC_DYNAMIC_NO_PIC = NO;
				GCC_OPTIMIZATION_LEVEL = 0;
				GCC_PREPROCESSOR_DEFINITIONS = (
					"DEBUG=1",
					"$(inherited)",
				);
				GCC_SYMBOLS_PRIVATE_EXTERN = NO;
				GCC_VERSION = com.apple.compilers.llvmgcc42;
				GCC_WARN_ABOUT_MISSING_PROTOTYPES = YES;
				GCC_WARN_ABOUT_RETURN_TYPE = YES;
				GCC_WARN_UNUSED_VARIABLE = YES;
				IPHONEOS_DEPLOYMENT_TARGET = 4.3;
				OTHER_LDFLAGS = "-licucore";
				SDKROOT = iphoneos;
			};
			name = Debug;
		};
		96A854F01444B108004947E9 /* Release */ = {
			isa = XCBuildConfiguration;
			buildSettings = {
				ALWAYS_SEARCH_USER_PATHS = NO;
				ARCHS = "$(ARCHS_STANDARD_32_BIT)";
				"CODE_SIGN_IDENTITY[sdk=iphoneos*]" = "iPhone Developer";
				COPY_PHASE_STRIP = YES;
				GCC_C_LANGUAGE_STANDARD = gnu99;
				GCC_VERSION = com.apple.compilers.llvmgcc42;
				GCC_WARN_ABOUT_MISSING_PROTOTYPES = YES;
				GCC_WARN_ABOUT_RETURN_TYPE = YES;
				GCC_WARN_UNUSED_VARIABLE = YES;
				IPHONEOS_DEPLOYMENT_TARGET = 4.3;
				OTHER_CFLAGS = "-DNS_BLOCK_ASSERTIONS=1";
				OTHER_LDFLAGS = "-licucore";
				SDKROOT = iphoneos;
				VALIDATE_PRODUCT = YES;
			};
			name = Release;
		};
		96A854F21444B108004947E9 /* Debug */ = {
			isa = XCBuildConfiguration;
			buildSettings = {
				GCC_PRECOMPILE_PREFIX_HEADER = YES;
				GCC_PREFIX_HEADER = "socketfun-ios/socketfun-ios-Prefix.pch";
				GCC_VERSION = com.apple.compilers.llvm.clang.1_0;
				INFOPLIST_FILE = "socketfun-ios/socketfun-ios-Info.plist";
				PRODUCT_NAME = "$(TARGET_NAME)";
				WRAPPER_EXTENSION = app;
			};
			name = Debug;
		};
		96A854F31444B108004947E9 /* Release */ = {
			isa = XCBuildConfiguration;
			buildSettings = {
				GCC_PRECOMPILE_PREFIX_HEADER = YES;
				GCC_PREFIX_HEADER = "socketfun-ios/socketfun-ios-Prefix.pch";
				GCC_VERSION = com.apple.compilers.llvm.clang.1_0;
				INFOPLIST_FILE = "socketfun-ios/socketfun-ios-Info.plist";
				PRODUCT_NAME = "$(TARGET_NAME)";
				WRAPPER_EXTENSION = app;
			};
			name = Release;
		};
/* End XCBuildConfiguration section */

/* Begin XCConfigurationList section */
		96A854CA1444B107004947E9 /* Build configuration list for PBXProject "socketfun-ios" */ = {
			isa = XCConfigurationList;
			buildConfigurations = (
				96A854EF1444B108004947E9 /* Debug */,
				96A854F01444B108004947E9 /* Release */,
			);
			defaultConfigurationIsVisible = 0;
			defaultConfigurationName = Release;
		};
		96A854F11444B108004947E9 /* Build configuration list for PBXNativeTarget "socketfun-ios" */ = {
			isa = XCConfigurationList;
			buildConfigurations = (
				96A854F21444B108004947E9 /* Debug */,
				96A854F31444B108004947E9 /* Release */,
			);
			defaultConfigurationIsVisible = 0;
			defaultConfigurationName = Release;
		};
/* End XCConfigurationList section */
	};
	rootObject = 96A854C71444B107004947E9 /* Project object */;
}
