// !$*UTF8*$!
{
	archiveVersion = 1;
	classes = {
	};
	objectVersion = 46;
	objects = {

/* Begin PBXBuildFile section */
		96A854D51444B107004947E9 /* UIKit.framework in Frameworks */ = {isa = PBXBuildFile; fileRef = 96A854D41444B107004947E9 /* UIKit.framework */; };
		96A854D71444B107004947E9 /* Foundation.framework in Frameworks */ = {isa = PBXBuildFile; fileRef = 96A854D61444B107004947E9 /* Foundation.framework */; };
		96A854D91444B107004947E9 /* CoreGraphics.framework in Frameworks */ = {isa = PBXBuildFile; fileRef = 96A854D81444B107004947E9 /* CoreGraphics.framework */; };
		96A854DF1444B107004947E9 /* InfoPlist.strings in Resources */ = {isa = PBXBuildFile; fileRef = 96A854DD1444B107004947E9 /* InfoPlist.strings */; };
		96A854E11444B107004947E9 /* main.m in Sources */ = {isa = PBXBuildFile; fileRef = 96A854E01444B107004947E9 /* main.m */; };
		96A854E51444B107004947E9 /* socketfun_iosAppDelegate.m in Sources */ = {isa = PBXBuildFile; fileRef = 96A854E41444B107004947E9 /* socketfun_iosAppDelegate.m */; };
		96A854E81444B108004947E9 /* MainWindow.xib in Resources */ = {isa = PBXBuildFile; fileRef = 96A854E61444B108004947E9 /* MainWindow.xib */; };
		96A854EB1444B108004947E9 /* RootViewController.m in Sources */ = {isa = PBXBuildFile; fileRef = 96A854EA1444B108004947E9 /* RootViewController.m */; };
		96A854EE1444B108004947E9 /* RootViewController.xib in Resources */ = {isa = PBXBuildFile; fileRef = 96A854EC1444B108004947E9 /* RootViewController.xib */; };
/* End PBXBuildFile section */

/* Begin PBXFileReference section */
		96A854D01444B107004947E9 /* socketfun-ios.app */ = {isa = PBXFileReference; explicitFileType = wrapper.application; includeInIndex = 0; path = "socketfun-ios.app"; sourceTree = BUILT_PRODUCTS_DIR; };
		96A854D41444B107004947E9 /* UIKit.framework */ = {isa = PBXFileReference; lastKnownFileType = wrapper.framework; name = UIKit.framework; path = System/Library/Frameworks/UIKit.framework; sourceTree = SDKROOT; };
		96A854D61444B107004947E9 /* Foundation.framework */ = {isa = PBXFileReference; lastKnownFileType = wrapper.framework; name = Foundation.framework; path = System/Library/Frameworks/Foundation.framework; sourceTree = SDKROOT; };
		96A854D81444B107004947E9 /* CoreGraphics.framework */ = {isa = PBXFileReference; lastKnownFileType = wrapper.framework; name = CoreGraphics.framework; path = System/Library/Frameworks/CoreGraphics.framework; sourceTree = SDKROOT; };
		96A854DC1444B107004947E9 /* socketfun-ios-Info.plist */ = {isa = PBXFileReference; lastKnownFileType = text.plist.xml; path = "socketfun-ios-Info.plist"; sourceTree = "<group>"; };
		96A854DE1444B107004947E9 /* en */ = {isa = PBXFileReference; lastKnownFileType = text.plist.strings; name = en; path = en.lproj/InfoPlist.strings; sourceTree = "<group>"; };
		96A854E01444B107004947E9 /* main.m */ = {isa = PBXFileReference; lastKnownFileType = sourcecode.c.objc; path = main.m; sourceTree = "<group>"; };
		96A854E21444B107004947E9 /* socketfun-ios-Prefix.pch */ = {isa = PBXFileReference; lastKnownFileType = sourcecode.c.h; path = "socketfun-ios-Prefix.pch"; sourceTree = "<group>"; };
		96A854E31444B107004947E9 /* socketfun_iosAppDelegate.h */ = {isa = PBXFileReference; lastKnownFileType = sourcecode.c.h; path = socketfun_iosAppDelegate.h; sourceTree = "<group>"; };
		96A854E41444B107004947E9 /* socketfun_iosAppDelegate.m */ = {isa = PBXFileReference; lastKnownFileType = sourcecode.c.objc; path = socketfun_iosAppDelegate.m; sourceTree = "<group>"; };
		96A854E71444B108004947E9 /* en */ = {isa = PBXFileReference; lastKnownFileType = file.xib; name = en; path = en.lproj/MainWindow.xib; sourceTree = "<group>"; };
		96A854E91444B108004947E9 /* RootViewController.h */ = {isa = PBXFileReference; lastKnownFileType = sourcecode.c.h; path = RootViewController.h; sourceTree = "<group>"; };
		96A854EA1444B108004947E9 /* RootViewController.m */ = {isa = PBXFileReference; lastKnownFileType = sourcecode.c.objc; path = RootViewController.m; sourceTree = "<group>"; };
		96A854ED1444B108004947E9 /* en */ = {isa = PBXFileReference; lastKnownFileType = file.xib; name = en; path = en.lproj/RootViewController.xib; sourceTree = "<group>"; };
/* End PBXFileReference section */

/* Begin PBXFrameworksBuildPhase section */
		96A854CD1444B107004947E9 /* Frameworks */ = {
			isa = PBXFrameworksBuildPhase;
			buildActionMask = 2147483647;
			files = (
				96A854D51444B107004947E9 /* UIKit.framework in Frameworks */,
				96A854D71444B107004947E9 /* Foundation.framework in Frameworks */,
				96A854D91444B107004947E9 /* CoreGraphics.framework in Frameworks */,
			);
			runOnlyForDeploymentPostprocessing = 0;
		};
/* End PBXFrameworksBuildPhase section */

/* Begin PBXGroup section */
		96A854C51444B107004947E9 = {
			isa = PBXGroup;
			children = (
				96A854DA1444B107004947E9 /* socketfun-ios */,
				96A854D31444B107004947E9 /* Frameworks */,
				96A854D11444B107004947E9 /* Products */,
			);
			sourceTree = "<group>";
		};
		96A854D11444B107004947E9 /* Products */ = {
			isa = PBXGroup;
			children = (
				96A854D01444B107004947E9 /* socketfun-ios.app */,
			);
			name = Products;
			sourceTree = "<group>";
		};
		96A854D31444B107004947E9 /* Frameworks */ = {
			isa = PBXGroup;
			children = (
				96A854D41444B107004947E9 /* UIKit.framework */,
				96A854D61444B107004947E9 /* Foundation.framework */,
				96A854D81444B107004947E9 /* CoreGraphics.framework */,
			);
			name = Frameworks;
			sourceTree = "<group>";
		};
		96A854DA1444B107004947E9 /* socketfun-ios */ = {
			isa = PBXGroup;
			children = (
				96A854E31444B107004947E9 /* socketfun_iosAppDelegate.h */,
				96A854E41444B107004947E9 /* socketfun_iosAppDelegate.m */,
				96A854E61444B108004947E9 /* MainWindow.xib */,
				96A854E91444B108004947E9 /* RootViewController.h */,
				96A854EA1444B108004947E9 /* RootViewController.m */,
				96A854EC1444B108004947E9 /* RootViewController.xib */,
				96A854DB1444B107004947E9 /* Supporting Files */,
			);
			path = "socketfun-ios";
			sourceTree = "<group>";
		};
		96A854DB1444B107004947E9 /* Supporting Files */ = {
			isa = PBXGroup;
			children = (
				96A854DC1444B107004947E9 /* socketfun-ios-Info.plist */,
				96A854DD1444B107004947E9 /* InfoPlist.strings */,
				96A854E01444B107004947E9 /* main.m */,
				96A854E21444B107004947E9 /* socketfun-ios-Prefix.pch */,
			);
			name = "Supporting Files";
			sourceTree = "<group>";
		};
/* End PBXGroup section */

/* Begin PBXNativeTarget section */
		96A854CF1444B107004947E9 /* socketfun-ios */ = {
			isa = PBXNativeTarget;
			buildConfigurationList = 96A854F11444B108004947E9 /* Build configuration list for PBXNativeTarget "socketfun-ios" */;
			buildPhases = (
				96A854CC1444B107004947E9 /* Sources */,
				96A854CD1444B107004947E9 /* Frameworks */,
				96A854CE1444B107004947E9 /* Resources */,
			);
			buildRules = (
			);
			dependencies = (
			);
			name = "socketfun-ios";
			productName = "socketfun-ios";
			productReference = 96A854D01444B107004947E9 /* socketfun-ios.app */;
			productType = "com.apple.product-type.application";
		};
/* End PBXNativeTarget section */

/* Begin PBXProject section */
		96A854C71444B107004947E9 /* Project object */ = {
			isa = PBXProject;
			buildConfigurationList = 96A854CA1444B107004947E9 /* Build configuration list for PBXProject "socketfun-ios" */;
			compatibilityVersion = "Xcode 3.2";
			developmentRegion = English;
			hasScannedForEncodings = 0;
			knownRegions = (
				en,
			);
			mainGroup = 96A854C51444B107004947E9;
			productRefGroup = 96A854D11444B107004947E9 /* Products */;
			projectDirPath = "";
			projectRoot = "";
			targets = (
				96A854CF1444B107004947E9 /* socketfun-ios */,
			);
		};
/* End PBXProject section */

/* Begin PBXResourcesBuildPhase section */
		96A854CE1444B107004947E9 /* Resources */ = {
			isa = PBXResourcesBuildPhase;
			buildActionMask = 2147483647;
			files = (
				96A854DF1444B107004947E9 /* InfoPlist.strings in Resources */,
				96A854E81444B108004947E9 /* MainWindow.xib in Resources */,
				96A854EE1444B108004947E9 /* RootViewController.xib in Resources */,
			);
			runOnlyForDeploymentPostprocessing = 0;
		};
/* End PBXResourcesBuildPhase section */

/* Begin PBXSourcesBuildPhase section */
		96A854CC1444B107004947E9 /* Sources */ = {
			isa = PBXSourcesBuildPhase;
			buildActionMask = 2147483647;
			files = (
				96A854E11444B107004947E9 /* main.m in Sources */,
				96A854E51444B107004947E9 /* socketfun_iosAppDelegate.m in Sources */,
				96A854EB1444B108004947E9 /* RootViewController.m in Sources */,
			);
			runOnlyForDeploymentPostprocessing = 0;
		};
/* End PBXSourcesBuildPhase section */

/* Begin PBXVariantGroup section */
		96A854DD1444B107004947E9 /* InfoPlist.strings */ = {
			isa = PBXVariantGroup;
			children = (
				96A854DE1444B107004947E9 /* en */,
			);
			name = InfoPlist.strings;
			sourceTree = "<group>";
		};
		96A854E61444B108004947E9 /* MainWindow.xib */ = {
			isa = PBXVariantGroup;
			children = (
				96A854E71444B108004947E9 /* en */,
			);
			name = MainWindow.xib;
			sourceTree = "<group>";
		};
		96A854EC1444B108004947E9 /* RootViewController.xib */ = {
			isa = PBXVariantGroup;
			children = (
				96A854ED1444B108004947E9 /* en */,
			);
			name = RootViewController.xib;
			sourceTree = "<group>";
		};
/* End PBXVariantGroup section */

/* Begin XCBuildConfiguration section */
		96A854EF1444B108004947E9 /* Debug */ = {
			isa = XCBuildConfiguration;
			buildSettings = {
				ALWAYS_SEARCH_USER_PATHS = NO;
				ARCHS = "$(ARCHS_STANDARD_32_BIT)";
				"CODE_SIGN_IDENTITY[sdk=iphoneos*]" = "iPhone Developer";
				COPY_PHASE_STRIP = NO;
				GCC_C_LANGUAGE_STANDARD = gnu99;
				GCC_DYNAMIC_NO_PIC = NO;
				GCC_OPTIMIZATION_LEVEL = 0;
				GCC_PREPROCESSOR_DEFINITIONS = (
					"DEBUG=1",
					"$(inherited)",
				);
				GCC_SYMBOLS_PRIVATE_EXTERN = NO;
				GCC_VERSION = com.apple.compilers.llvmgcc42;
				GCC_WARN_ABOUT_MISSING_PROTOTYPES = YES;
				GCC_WARN_ABOUT_RETURN_TYPE = YES;
				GCC_WARN_UNUSED_VARIABLE = YES;
				IPHONEOS_DEPLOYMENT_TARGET = 4.3;
				SDKROOT = iphoneos;
			};
			name = Debug;
		};
		96A854F01444B108004947E9 /* Release */ = {
			isa = XCBuildConfiguration;
			buildSettings = {
				ALWAYS_SEARCH_USER_PATHS = NO;
				ARCHS = "$(ARCHS_STANDARD_32_BIT)";
				"CODE_SIGN_IDENTITY[sdk=iphoneos*]" = "iPhone Developer";
				COPY_PHASE_STRIP = YES;
				GCC_C_LANGUAGE_STANDARD = gnu99;
				GCC_VERSION = com.apple.compilers.llvmgcc42;
				GCC_WARN_ABOUT_MISSING_PROTOTYPES = YES;
				GCC_WARN_ABOUT_RETURN_TYPE = YES;
				GCC_WARN_UNUSED_VARIABLE = YES;
				IPHONEOS_DEPLOYMENT_TARGET = 4.3;
				OTHER_CFLAGS = "-DNS_BLOCK_ASSERTIONS=1";
				SDKROOT = iphoneos;
				VALIDATE_PRODUCT = YES;
			};
			name = Release;
		};
		96A854F21444B108004947E9 /* Debug */ = {
			isa = XCBuildConfiguration;
			buildSettings = {
				GCC_PRECOMPILE_PREFIX_HEADER = YES;
				GCC_PREFIX_HEADER = "socketfun-ios/socketfun-ios-Prefix.pch";
				INFOPLIST_FILE = "socketfun-ios/socketfun-ios-Info.plist";
				PRODUCT_NAME = "$(TARGET_NAME)";
				WRAPPER_EXTENSION = app;
			};
			name = Debug;
		};
		96A854F31444B108004947E9 /* Release */ = {
			isa = XCBuildConfiguration;
			buildSettings = {
				GCC_PRECOMPILE_PREFIX_HEADER = YES;
				GCC_PREFIX_HEADER = "socketfun-ios/socketfun-ios-Prefix.pch";
				INFOPLIST_FILE = "socketfun-ios/socketfun-ios-Info.plist";
				PRODUCT_NAME = "$(TARGET_NAME)";
				WRAPPER_EXTENSION = app;
			};
			name = Release;
		};
/* End XCBuildConfiguration section */

/* Begin XCConfigurationList section */
		96A854CA1444B107004947E9 /* Build configuration list for PBXProject "socketfun-ios" */ = {
			isa = XCConfigurationList;
			buildConfigurations = (
				96A854EF1444B108004947E9 /* Debug */,
				96A854F01444B108004947E9 /* Release */,
			);
			defaultConfigurationIsVisible = 0;
			defaultConfigurationName = Release;
		};
		96A854F11444B108004947E9 /* Build configuration list for PBXNativeTarget "socketfun-ios" */ = {
			isa = XCConfigurationList;
			buildConfigurations = (
				96A854F21444B108004947E9 /* Debug */,
				96A854F31444B108004947E9 /* Release */,
			);
			defaultConfigurationIsVisible = 0;
		};
/* End XCConfigurationList section */
	};
	rootObject = 96A854C71444B107004947E9 /* Project object */;
}
